
Microsoft Visual Studio Solution File, Format Version 12.00
# Visual Studio Version 17
VisualStudioVersion = 17.14.36623.8
MinimumVisualStudioVersion = 10.0.40219.1
Project("{FAE04EC0-301F-11D3-BF4B-00C04F79EFBC}") = "PrivateEnforcement.API", "PrivateEnforcement\PrivateEnforcement.API.csproj", "{5A01B97D-1CC6-44D5-B0E3-E5F351C9FE7D}"
EndProject
Project("{FAE04EC0-301F-11D3-BF4B-00C04F79EFBC}") = "Domain", "Domain\Domain.csproj", "{AB76EAB2-0037-4804-8A31-3C851851EFB4}"
EndProject
Project("{FAE04EC0-301F-11D3-BF4B-00C04F79EFBC}") = "Infrastructure", "Infrastructure\Infrastructure.csproj", "{9006E414-C2AB-44C7-9FBC-B064EFF5D98E}"
EndProject
Project("{FAE04EC0-301F-11D3-BF4B-00C04F79EFBC}") = "Application", "Application\Application.csproj", "{22EFFF6C-A3CC-42BF-AE0F-70A6018CBD99}"
EndProject
Project("{FAE04EC0-301F-11D3-BF4B-00C04F79EFBC}") = "PrivateEnforcement.Identity", "PrivateEnforcement.Auth\PrivateEnforcement.Identity.csproj", "{A9C99D5F-C1CF-48B8-8D36-0B11A2D902DC}"
EndProject
Project("{FAE04EC0-301F-11D3-BF4B-00C04F79EFBC}") = "PrivateEnforcement.UnitTests", "PrivateEnforcement.UnitTests\PrivateEnforcement.UnitTests.csproj", "{2E41D591-1F44-4FB6-A2A2-A2FA89C5CD22}"
EndProject
Project("{FAE04EC0-301F-11D3-BF4B-00C04F79EFBC}") = "PrivateEnforcement.IntegrationTests", "PrivateEnforcement.IntegrationTests\PrivateEnforcement.IntegrationTests.csproj", "{1C560B2F-9F5D-4F99-A78C-EAA4AC68D701}"
EndProject
Global
	GlobalSection(SolutionConfigurationPlatforms) = preSolution
		Debug|Any CPU = Debug|Any CPU
		Release|Any CPU = Release|Any CPU
	EndGlobalSection
	GlobalSection(ProjectConfigurationPlatforms) = postSolution
		{5A01B97D-1CC6-44D5-B0E3-E5F351C9FE7D}.Debug|Any CPU.ActiveCfg = Debug|Any CPU
		{5A01B97D-1CC6-44D5-B0E3-E5F351C9FE7D}.Debug|Any CPU.Build.0 = Debug|Any CPU
		{5A01B97D-1CC6-44D5-B0E3-E5F351C9FE7D}.Release|Any CPU.ActiveCfg = Release|Any CPU
		{5A01B97D-1CC6-44D5-B0E3-E5F351C9FE7D}.Release|Any CPU.Build.0 = Release|Any CPU
		{AB76EAB2-0037-4804-8A31-3C851851EFB4}.Debug|Any CPU.ActiveCfg = Debug|Any CPU
		{AB76EAB2-0037-4804-8A31-3C851851EFB4}.Debug|Any CPU.Build.0 = Debug|Any CPU
		{AB76EAB2-0037-4804-8A31-3C851851EFB4}.Release|Any CPU.ActiveCfg = Release|Any CPU
		{AB76EAB2-0037-4804-8A31-3C851851EFB4}.Release|Any CPU.Build.0 = Release|Any CPU
		{9006E414-C2AB-44C7-9FBC-B064EFF5D98E}.Debug|Any CPU.ActiveCfg = Debug|Any CPU
		{9006E414-C2AB-44C7-9FBC-B064EFF5D98E}.Debug|Any CPU.Build.0 = Debug|Any CPU
		{9006E414-C2AB-44C7-9FBC-B064EFF5D98E}.Release|Any CPU.ActiveCfg = Release|Any CPU
		{9006E414-C2AB-44C7-9FBC-B064EFF5D98E}.Release|Any CPU.Build.0 = Release|Any CPU
		{22EFFF6C-A3CC-42BF-AE0F-70A6018CBD99}.Debug|Any CPU.ActiveCfg = Debug|Any CPU
		{22EFFF6C-A3CC-42BF-AE0F-70A6018CBD99}.Debug|Any CPU.Build.0 = Debug|Any CPU
		{22EFFF6C-A3CC-42BF-AE0F-70A6018CBD99}.Release|Any CPU.ActiveCfg = Release|Any CPU
		{22EFFF6C-A3CC-42BF-AE0F-70A6018CBD99}.Release|Any CPU.Build.0 = Release|Any CPU
		{A9C99D5F-C1CF-48B8-8D36-0B11A2D902DC}.Debug|Any CPU.ActiveCfg = Debug|Any CPU
		{A9C99D5F-C1CF-48B8-8D36-0B11A2D902DC}.Debug|Any CPU.Build.0 = Debug|Any CPU
		{A9C99D5F-C1CF-48B8-8D36-0B11A2D902DC}.Release|Any CPU.ActiveCfg = Release|Any CPU
		{A9C99D5F-C1CF-48B8-8D36-0B11A2D902DC}.Release|Any CPU.Build.0 = Release|Any CPU
		{2E41D591-1F44-4FB6-A2A2-A2FA89C5CD22}.Debug|Any CPU.ActiveCfg = Debug|Any CPU
		{2E41D591-1F44-4FB6-A2A2-A2FA89C5CD22}.Debug|Any CPU.Build.0 = Debug|Any CPU
		{2E41D591-1F44-4FB6-A2A2-A2FA89C5CD22}.Release|Any CPU.ActiveCfg = Release|Any CPU
		{2E41D591-1F44-4FB6-A2A2-A2FA89C5CD22}.Release|Any CPU.Build.0 = Release|Any CPU
		{1C560B2F-9F5D-4F99-A78C-EAA4AC68D701}.Debug|Any CPU.ActiveCfg = Debug|Any CPU
		{1C560B2F-9F5D-4F99-A78C-EAA4AC68D701}.Debug|Any CPU.Build.0 = Debug|Any CPU
		{1C560B2F-9F5D-4F99-A78C-EAA4AC68D701}.Release|Any CPU.ActiveCfg = Release|Any CPU
		{1C560B2F-9F5D-4F99-A78C-EAA4AC68D701}.Release|Any CPU.Build.0 = Release|Any CPU
	EndGlobalSection
	GlobalSection(SolutionProperties) = preSolution
		HideSolutionNode = FALSE
	EndGlobalSection
	GlobalSection(ExtensibilityGlobals) = postSolution
		SolutionGuid = {96FF5B30-85FE-4481-AF06-549645C0E12B}
	EndGlobalSection
EndGlobal
